
Microsoft Visual Studio Solution File, Format Version 12.00
# Visual Studio Version 17
VisualStudioVersion = 17.3.32819.101
MinimumVisualStudioVersion = 10.0.40219.1
Project("{FAE04EC0-301F-11D3-BF4B-00C04F79EFBC}") = "HW", "HW.csproj", "{37532893-92F9-413A-A486-79DA366686CE}"
EndProject
Global
	GlobalSection(SolutionConfigurationPlatforms) = preSolution
		Debug|Any CPU = Debug|Any CPU
		Release|Any CPU = Release|Any CPU
	EndGlobalSection
	GlobalSection(ProjectConfigurationPlatforms) = postSolution
		{37532893-92F9-413A-A486-79DA366686CE}.Debug|Any CPU.ActiveCfg = Debug|Any CPU
		{37532893-92F9-413A-A486-79DA366686CE}.Debug|Any CPU.Build.0 = Debug|Any CPU
		{37532893-92F9-413A-A486-79DA366686CE}.Release|Any CPU.ActiveCfg = Release|Any CPU
		{37532893-92F9-413A-A486-79DA366686CE}.Release|Any CPU.Build.0 = Release|Any CPU
	EndGlobalSection
	GlobalSection(SolutionProperties) = preSolution
		HideSolutionNode = FALSE
	EndGlobalSection
	GlobalSection(ExtensibilityGlobals) = postSolution
		SolutionGuid = {5E206853-FEDE-400D-AE99-710882C61CD2}
	EndGlobalSection
EndGlobal
